// !$*UTF8*$!
{
	archiveVersion = 1;
	classes = {
	};
	objectVersion = 48;
	objects = {

/* Begin PBXBuildFile section */
		CD9CF84420E7210500D391FC /* AppDelegate.swift in Sources */ = {isa = PBXBuildFile; fileRef = CD9CF84320E7210500D391FC /* AppDelegate.swift */; };
		CD9CF84620E7210500D391FC /* ViewController.swift in Sources */ = {isa = PBXBuildFile; fileRef = CD9CF84520E7210500D391FC /* ViewController.swift */; };
		CD9CF84920E7210500D391FC /* Main.storyboard in Resources */ = {isa = PBXBuildFile; fileRef = CD9CF84720E7210500D391FC /* Main.storyboard */; };
		CD9CF84B20E7210500D391FC /* Assets.xcassets in Resources */ = {isa = PBXBuildFile; fileRef = CD9CF84A20E7210500D391FC /* Assets.xcassets */; };
		CD9CF84E20E7210500D391FC /* LaunchScreen.storyboard in Resources */ = {isa = PBXBuildFile; fileRef = CD9CF84C20E7210500D391FC /* LaunchScreen.storyboard */; };
		CD9CF85920E7210500D391FC /* DiceTests.swift in Sources */ = {isa = PBXBuildFile; fileRef = CD9CF85820E7210500D391FC /* DiceTests.swift */; };
		CD9CF86420E7210600D391FC /* DiceUITests.swift in Sources */ = {isa = PBXBuildFile; fileRef = CD9CF86320E7210600D391FC /* DiceUITests.swift */; };
/* End PBXBuildFile section */

/* Begin PBXContainerItemProxy section */
		CD9CF85520E7210500D391FC /* PBXContainerItemProxy */ = {
			isa = PBXContainerItemProxy;
			containerPortal = CD9CF83820E7210500D391FC /* Project object */;
			proxyType = 1;
			remoteGlobalIDString = CD9CF83F20E7210500D391FC;
			remoteInfo = Dice;
		};
		CD9CF86020E7210600D391FC /* PBXContainerItemProxy */ = {
			isa = PBXContainerItemProxy;
			containerPortal = CD9CF83820E7210500D391FC /* Project object */;
			proxyType = 1;
			remoteGlobalIDString = CD9CF83F20E7210500D391FC;
			remoteInfo = Dice;
		};
/* End PBXContainerItemProxy section */

/* Begin PBXFileReference section */
		CD9CF84020E7210500D391FC /* Dice.app */ = {isa = PBXFileReference; explicitFileType = wrapper.application; includeInIndex = 0; path = Dice.app; sourceTree = BUILT_PRODUCTS_DIR; };
		CD9CF84320E7210500D391FC /* AppDelegate.swift */ = {isa = PBXFileReference; lastKnownFileType = sourcecode.swift; path = AppDelegate.swift; sourceTree = "<group>"; };
		CD9CF84520E7210500D391FC /* ViewController.swift */ = {isa = PBXFileReference; lastKnownFileType = sourcecode.swift; path = ViewController.swift; sourceTree = "<group>"; };
		CD9CF84820E7210500D391FC /* Base */ = {isa = PBXFileReference; lastKnownFileType = file.storyboard; name = Base; path = Base.lproj/Main.storyboard; sourceTree = "<group>"; };
		CD9CF84A20E7210500D391FC /* Assets.xcassets */ = {isa = PBXFileReference; lastKnownFileType = folder.assetcatalog; path = Assets.xcassets; sourceTree = "<group>"; };
		CD9CF84D20E7210500D391FC /* Base */ = {isa = PBXFileReference; lastKnownFileType = file.storyboard; name = Base; path = Base.lproj/LaunchScreen.storyboard; sourceTree = "<group>"; };
		CD9CF84F20E7210500D391FC /* Info.plist */ = {isa = PBXFileReference; lastKnownFileType = text.plist.xml; path = Info.plist; sourceTree = "<group>"; };
		CD9CF85420E7210500D391FC /* DiceTests.xctest */ = {isa = PBXFileReference; explicitFileType = wrapper.cfbundle; includeInIndex = 0; path = DiceTests.xctest; sourceTree = BUILT_PRODUCTS_DIR; };
		CD9CF85820E7210500D391FC /* DiceTests.swift */ = {isa = PBXFileReference; lastKnownFileType = sourcecode.swift; path = DiceTests.swift; sourceTree = "<group>"; };
		CD9CF85A20E7210500D391FC /* Info.plist */ = {isa = PBXFileReference; lastKnownFileType = text.plist.xml; path = Info.plist; sourceTree = "<group>"; };
		CD9CF85F20E7210600D391FC /* DiceUITests.xctest */ = {isa = PBXFileReference; explicitFileType = wrapper.cfbundle; includeInIndex = 0; path = DiceUITests.xctest; sourceTree = BUILT_PRODUCTS_DIR; };
		CD9CF86320E7210600D391FC /* DiceUITests.swift */ = {isa = PBXFileReference; lastKnownFileType = sourcecode.swift; path = DiceUITests.swift; sourceTree = "<group>"; };
		CD9CF86520E7210600D391FC /* Info.plist */ = {isa = PBXFileReference; lastKnownFileType = text.plist.xml; path = Info.plist; sourceTree = "<group>"; };
/* End PBXFileReference section */

/* Begin PBXFrameworksBuildPhase section */
		CD9CF83D20E7210500D391FC /* Frameworks */ = {
			isa = PBXFrameworksBuildPhase;
			buildActionMask = 2147483647;
			files = (
			);
			runOnlyForDeploymentPostprocessing = 0;
		};
		CD9CF85120E7210500D391FC /* Frameworks */ = {
			isa = PBXFrameworksBuildPhase;
			buildActionMask = 2147483647;
			files = (
			);
			runOnlyForDeploymentPostprocessing = 0;
		};
		CD9CF85C20E7210600D391FC /* Frameworks */ = {
			isa = PBXFrameworksBuildPhase;
			buildActionMask = 2147483647;
			files = (
			);
			runOnlyForDeploymentPostprocessing = 0;
		};
/* End PBXFrameworksBuildPhase section */

/* Begin PBXGroup section */
		CD9CF83720E7210500D391FC = {
			isa = PBXGroup;
			children = (
				CD9CF84220E7210500D391FC /* Dice */,
				CD9CF85720E7210500D391FC /* DiceTests */,
				CD9CF86220E7210600D391FC /* DiceUITests */,
				CD9CF84120E7210500D391FC /* Products */,
			);
			sourceTree = "<group>";
		};
		CD9CF84120E7210500D391FC /* Products */ = {
			isa = PBXGroup;
			children = (
				CD9CF84020E7210500D391FC /* Dice.app */,
				CD9CF85420E7210500D391FC /* DiceTests.xctest */,
				CD9CF85F20E7210600D391FC /* DiceUITests.xctest */,
			);
			name = Products;
			sourceTree = "<group>";
		};
		CD9CF84220E7210500D391FC /* Dice */ = {
			isa = PBXGroup;
			children = (
				CD9CF84320E7210500D391FC /* AppDelegate.swift */,
				CD9CF84520E7210500D391FC /* ViewController.swift */,
				CD9CF84720E7210500D391FC /* Main.storyboard */,
				CD9CF84A20E7210500D391FC /* Assets.xcassets */,
				CD9CF84C20E7210500D391FC /* LaunchScreen.storyboard */,
				CD9CF84F20E7210500D391FC /* Info.plist */,
			);
			path = Dice;
			sourceTree = "<group>";
		};
		CD9CF85720E7210500D391FC /* DiceTests */ = {
			isa = PBXGroup;
			children = (
				CD9CF85820E7210500D391FC /* DiceTests.swift */,
				CD9CF85A20E7210500D391FC /* Info.plist */,
			);
			path = DiceTests;
			sourceTree = "<group>";
		};
		CD9CF86220E7210600D391FC /* DiceUITests */ = {
			isa = PBXGroup;
			children = (
				CD9CF86320E7210600D391FC /* DiceUITests.swift */,
				CD9CF86520E7210600D391FC /* Info.plist */,
			);
			path = DiceUITests;
			sourceTree = "<group>";
		};
/* End PBXGroup section */

/* Begin PBXNativeTarget section */
		CD9CF83F20E7210500D391FC /* Dice */ = {
			isa = PBXNativeTarget;
			buildConfigurationList = CD9CF86820E7210600D391FC /* Build configuration list for PBXNativeTarget "Dice" */;
			buildPhases = (
				CD9CF83C20E7210500D391FC /* Sources */,
				CD9CF83D20E7210500D391FC /* Frameworks */,
				CD9CF83E20E7210500D391FC /* Resources */,
			);
			buildRules = (
			);
			dependencies = (
			);
			name = Dice;
			productName = Dice;
			productReference = CD9CF84020E7210500D391FC /* Dice.app */;
			productType = "com.apple.product-type.application";
		};
		CD9CF85320E7210500D391FC /* DiceTests */ = {
			isa = PBXNativeTarget;
			buildConfigurationList = CD9CF86B20E7210600D391FC /* Build configuration list for PBXNativeTarget "DiceTests" */;
			buildPhases = (
				CD9CF85020E7210500D391FC /* Sources */,
				CD9CF85120E7210500D391FC /* Frameworks */,
				CD9CF85220E7210500D391FC /* Resources */,
			);
			buildRules = (
			);
			dependencies = (
				CD9CF85620E7210500D391FC /* PBXTargetDependency */,
			);
			name = DiceTests;
			productName = DiceTests;
			productReference = CD9CF85420E7210500D391FC /* DiceTests.xctest */;
			productType = "com.apple.product-type.bundle.unit-test";
		};
		CD9CF85E20E7210600D391FC /* DiceUITests */ = {
			isa = PBXNativeTarget;
			buildConfigurationList = CD9CF86E20E7210600D391FC /* Build configuration list for PBXNativeTarget "DiceUITests" */;
			buildPhases = (
				CD9CF85B20E7210600D391FC /* Sources */,
				CD9CF85C20E7210600D391FC /* Frameworks */,
				CD9CF85D20E7210600D391FC /* Resources */,
			);
			buildRules = (
			);
			dependencies = (
				CD9CF86120E7210600D391FC /* PBXTargetDependency */,
			);
			name = DiceUITests;
			productName = DiceUITests;
			productReference = CD9CF85F20E7210600D391FC /* DiceUITests.xctest */;
			productType = "com.apple.product-type.bundle.ui-testing";
		};
/* End PBXNativeTarget section */

/* Begin PBXProject section */
		CD9CF83820E7210500D391FC /* Project object */ = {
			isa = PBXProject;
			attributes = {
				LastSwiftUpdateCheck = 0920;
				LastUpgradeCheck = 0920;
				ORGANIZATIONNAME = "Adil Arif";
				TargetAttributes = {
					CD9CF83F20E7210500D391FC = {
						CreatedOnToolsVersion = 9.2;
						ProvisioningStyle = Automatic;
					};
					CD9CF85320E7210500D391FC = {
						CreatedOnToolsVersion = 9.2;
						ProvisioningStyle = Automatic;
						TestTargetID = CD9CF83F20E7210500D391FC;
					};
					CD9CF85E20E7210600D391FC = {
						CreatedOnToolsVersion = 9.2;
						ProvisioningStyle = Automatic;
						TestTargetID = CD9CF83F20E7210500D391FC;
					};
				};
			};
			buildConfigurationList = CD9CF83B20E7210500D391FC /* Build configuration list for PBXProject "Dice" */;
			compatibilityVersion = "Xcode 8.0";
			developmentRegion = en;
			hasScannedForEncodings = 0;
			knownRegions = (
				en,
				Base,
			);
			mainGroup = CD9CF83720E7210500D391FC;
			productRefGroup = CD9CF84120E7210500D391FC /* Products */;
			projectDirPath = "";
			projectRoot = "";
			targets = (
				CD9CF83F20E7210500D391FC /* Dice */,
				CD9CF85320E7210500D391FC /* DiceTests */,
				CD9CF85E20E7210600D391FC /* DiceUITests */,
			);
		};
/* End PBXProject section */

/* Begin PBXResourcesBuildPhase section */
		CD9CF83E20E7210500D391FC /* Resources */ = {
			isa = PBXResourcesBuildPhase;
			buildActionMask = 2147483647;
			files = (
				CD9CF84E20E7210500D391FC /* LaunchScreen.storyboard in Resources */,
				CD9CF84B20E7210500D391FC /* Assets.xcassets in Resources */,
				CD9CF84920E7210500D391FC /* Main.storyboard in Resources */,
			);
			runOnlyForDeploymentPostprocessing = 0;
		};
		CD9CF85220E7210500D391FC /* Resources */ = {
			isa = PBXResourcesBuildPhase;
			buildActionMask = 2147483647;
			files = (
			);
			runOnlyForDeploymentPostprocessing = 0;
		};
		CD9CF85D20E7210600D391FC /* Resources */ = {
			isa = PBXResourcesBuildPhase;
			buildActionMask = 2147483647;
			files = (
			);
			runOnlyForDeploymentPostprocessing = 0;
		};
/* End PBXResourcesBuildPhase section */

/* Begin PBXSourcesBuildPhase section */
		CD9CF83C20E7210500D391FC /* Sources */ = {
			isa = PBXSourcesBuildPhase;
			buildActionMask = 2147483647;
			files = (
				CD9CF84620E7210500D391FC /* ViewController.swift in Sources */,
				CD9CF84420E7210500D391FC /* AppDelegate.swift in Sources */,
			);
			runOnlyForDeploymentPostprocessing = 0;
		};
		CD9CF85020E7210500D391FC /* Sources */ = {
			isa = PBXSourcesBuildPhase;
			buildActionMask = 2147483647;
			files = (
				CD9CF85920E7210500D391FC /* DiceTests.swift in Sources */,
			);
			runOnlyForDeploymentPostprocessing = 0;
		};
		CD9CF85B20E7210600D391FC /* Sources */ = {
			isa = PBXSourcesBuildPhase;
			buildActionMask = 2147483647;
			files = (
				CD9CF86420E7210600D391FC /* DiceUITests.swift in Sources */,
			);
			runOnlyForDeploymentPostprocessing = 0;
		};
/* End PBXSourcesBuildPhase section */

/* Begin PBXTargetDependency section */
		CD9CF85620E7210500D391FC /* PBXTargetDependency */ = {
			isa = PBXTargetDependency;
			target = CD9CF83F20E7210500D391FC /* Dice */;
			targetProxy = CD9CF85520E7210500D391FC /* PBXContainerItemProxy */;
		};
		CD9CF86120E7210600D391FC /* PBXTargetDependency */ = {
			isa = PBXTargetDependency;
			target = CD9CF83F20E7210500D391FC /* Dice */;
			targetProxy = CD9CF86020E7210600D391FC /* PBXContainerItemProxy */;
		};
/* End PBXTargetDependency section */

/* Begin PBXVariantGroup section */
		CD9CF84720E7210500D391FC /* Main.storyboard */ = {
			isa = PBXVariantGroup;
			children = (
				CD9CF84820E7210500D391FC /* Base */,
			);
			name = Main.storyboard;
			sourceTree = "<group>";
		};
		CD9CF84C20E7210500D391FC /* LaunchScreen.storyboard */ = {
			isa = PBXVariantGroup;
			children = (
				CD9CF84D20E7210500D391FC /* Base */,
			);
			name = LaunchScreen.storyboard;
			sourceTree = "<group>";
		};
/* End PBXVariantGroup section */

/* Begin XCBuildConfiguration section */
		CD9CF86620E7210600D391FC /* Debug */ = {
			isa = XCBuildConfiguration;
			buildSettings = {
				ALWAYS_SEARCH_USER_PATHS = NO;
				CLANG_ANALYZER_NONNULL = YES;
				CLANG_ANALYZER_NUMBER_OBJECT_CONVERSION = YES_AGGRESSIVE;
				CLANG_CXX_LANGUAGE_STANDARD = "gnu++14";
				CLANG_CXX_LIBRARY = "libc++";
				CLANG_ENABLE_MODULES = YES;
				CLANG_ENABLE_OBJC_ARC = YES;
				CLANG_WARN_BLOCK_CAPTURE_AUTORELEASING = YES;
				CLANG_WARN_BOOL_CONVERSION = YES;
				CLANG_WARN_COMMA = YES;
				CLANG_WARN_CONSTANT_CONVERSION = YES;
				CLANG_WARN_DIRECT_OBJC_ISA_USAGE = YES_ERROR;
				CLANG_WARN_DOCUMENTATION_COMMENTS = YES;
				CLANG_WARN_EMPTY_BODY = YES;
				CLANG_WARN_ENUM_CONVERSION = YES;
				CLANG_WARN_INFINITE_RECURSION = YES;
				CLANG_WARN_INT_CONVERSION = YES;
				CLANG_WARN_NON_LITERAL_NULL_CONVERSION = YES;
				CLANG_WARN_OBJC_LITERAL_CONVERSION = YES;
				CLANG_WARN_OBJC_ROOT_CLASS = YES_ERROR;
				CLANG_WARN_RANGE_LOOP_ANALYSIS = YES;
				CLANG_WARN_STRICT_PROTOTYPES = YES;
				CLANG_WARN_SUSPICIOUS_MOVE = YES;
				CLANG_WARN_UNGUARDED_AVAILABILITY = YES_AGGRESSIVE;
				CLANG_WARN_UNREACHABLE_CODE = YES;
				CLANG_WARN__DUPLICATE_METHOD_MATCH = YES;
				CODE_SIGN_IDENTITY = "iPhone Developer";
				COPY_PHASE_STRIP = NO;
				DEBUG_INFORMATION_FORMAT = dwarf;
				ENABLE_STRICT_OBJC_MSGSEND = YES;
				ENABLE_TESTABILITY = YES;
				GCC_C_LANGUAGE_STANDARD = gnu11;
				GCC_DYNAMIC_NO_PIC = NO;
				GCC_NO_COMMON_BLOCKS = YES;
				GCC_OPTIMIZATION_LEVEL = 0;
				GCC_PREPROCESSOR_DEFINITIONS = (
					"DEBUG=1",
					"$(inherited)",
				);
				GCC_WARN_64_TO_32_BIT_CONVERSION = YES;
				GCC_WARN_ABOUT_RETURN_TYPE = YES_ERROR;
				GCC_WARN_UNDECLARED_SELECTOR = YES;
				GCC_WARN_UNINITIALIZED_AUTOS = YES_AGGRESSIVE;
				GCC_WARN_UNUSED_FUNCTION = YES;
				GCC_WARN_UNUSED_VARIABLE = YES;
				IPHONEOS_DEPLOYMENT_TARGET = 11.2;
				MTL_ENABLE_DEBUG_INFO = YES;
				ONLY_ACTIVE_ARCH = YES;
				SDKROOT = iphoneos;
				SWIFT_ACTIVE_COMPILATION_CONDITIONS = DEBUG;
				SWIFT_OPTIMIZATION_LEVEL = "-Onone";
			};
			name = Debug;
		};
		CD9CF86720E7210600D391FC /* Release */ = {
			isa = XCBuildConfiguration;
			buildSettings = {
				ALWAYS_SEARCH_USER_PATHS = NO;
				CLANG_ANALYZER_NONNULL = YES;
				CLANG_ANALYZER_NUMBER_OBJECT_CONVERSION = YES_AGGRESSIVE;
				CLANG_CXX_LANGUAGE_STANDARD = "gnu++14";
				CLANG_CXX_LIBRARY = "libc++";
				CLANG_ENABLE_MODULES = YES;
				CLANG_ENABLE_OBJC_ARC = YES;
				CLANG_WARN_BLOCK_CAPTURE_AUTORELEASING = YES;
				CLANG_WARN_BOOL_CONVERSION = YES;
				CLANG_WARN_COMMA = YES;
				CLANG_WARN_CONSTANT_CONVERSION = YES;
				CLANG_WARN_DIRECT_OBJC_ISA_USAGE = YES_ERROR;
				CLANG_WARN_DOCUMENTATION_COMMENTS = YES;
				CLANG_WARN_EMPTY_BODY = YES;
				CLANG_WARN_ENUM_CONVERSION = YES;
				CLANG_WARN_INFINITE_RECURSION = YES;
				CLANG_WARN_INT_CONVERSION = YES;
				CLANG_WARN_NON_LITERAL_NULL_CONVERSION = YES;
				CLANG_WARN_OBJC_LITERAL_CONVERSION = YES;
				CLANG_WARN_OBJC_ROOT_CLASS = YES_ERROR;
				CLANG_WARN_RANGE_LOOP_ANALYSIS = YES;
				CLANG_WARN_STRICT_PROTOTYPES = YES;
				CLANG_WARN_SUSPICIOUS_MOVE = YES;
				CLANG_WARN_UNGUARDED_AVAILABILITY = YES_AGGRESSIVE;
				CLANG_WARN_UNREACHABLE_CODE = YES;
				CLANG_WARN__DUPLICATE_METHOD_MATCH = YES;
				CODE_SIGN_IDENTITY = "iPhone Developer";
				COPY_PHASE_STRIP = NO;
				DEBUG_INFORMATION_FORMAT = "dwarf-with-dsym";
				ENABLE_NS_ASSERTIONS = NO;
				ENABLE_STRICT_OBJC_MSGSEND = YES;
				GCC_C_LANGUAGE_STANDARD = gnu11;
				GCC_NO_COMMON_BLOCKS = YES;
				GCC_WARN_64_TO_32_BIT_CONVERSION = YES;
				GCC_WARN_ABOUT_RETURN_TYPE = YES_ERROR;
				GCC_WARN_UNDECLARED_SELECTOR = YES;
				GCC_WARN_UNINITIALIZED_AUTOS = YES_AGGRESSIVE;
				GCC_WARN_UNUSED_FUNCTION = YES;
				GCC_WARN_UNUSED_VARIABLE = YES;
				IPHONEOS_DEPLOYMENT_TARGET = 11.2;
				MTL_ENABLE_DEBUG_INFO = NO;
				SDKROOT = iphoneos;
				SWIFT_OPTIMIZATION_LEVEL = "-Owholemodule";
				VALIDATE_PRODUCT = YES;
			};
			name = Release;
		};
		CD9CF86920E7210600D391FC /* Debug */ = {
			isa = XCBuildConfiguration;
			buildSettings = {
				ASSETCATALOG_COMPILER_APPICON_NAME = AppIcon;
				CODE_SIGN_STYLE = Automatic;
				DEVELOPMENT_TEAM = SKL6A59BCT;
				INFOPLIST_FILE = Dice/Info.plist;
				LD_RUNPATH_SEARCH_PATHS = "$(inherited) @executable_path/Frameworks";
				PRODUCT_BUNDLE_IDENTIFIER = com.adilarif.Dice;
				PRODUCT_NAME = "$(TARGET_NAME)";
				SWIFT_VERSION = 4.0;
				TARGETED_DEVICE_FAMILY = "1,2";
			};
			name = Debug;
		};
		CD9CF86A20E7210600D391FC /* Release */ = {
			isa = XCBuildConfiguration;
			buildSettings = {
				ASSETCATALOG_COMPILER_APPICON_NAME = AppIcon;
				CODE_SIGN_STYLE = Automatic;
				DEVELOPMENT_TEAM = SKL6A59BCT;
				INFOPLIST_FILE = Dice/Info.plist;
				LD_RUNPATH_SEARCH_PATHS = "$(inherited) @executable_path/Frameworks";
				PRODUCT_BUNDLE_IDENTIFIER = com.adilarif.Dice;
				PRODUCT_NAME = "$(TARGET_NAME)";
				SWIFT_VERSION = 4.0;
				TARGETED_DEVICE_FAMILY = "1,2";
			};
			name = Release;
		};
		CD9CF86C20E7210600D391FC /* Debug */ = {
			isa = XCBuildConfiguration;
			buildSettings = {
				ALWAYS_EMBED_SWIFT_STANDARD_LIBRARIES = YES;
				BUNDLE_LOADER = "$(TEST_HOST)";
				CODE_SIGN_STYLE = Automatic;
				DEVELOPMENT_TEAM = SKL6A59BCT;
				INFOPLIST_FILE = DiceTests/Info.plist;
				LD_RUNPATH_SEARCH_PATHS = "$(inherited) @executable_path/Frameworks @loader_path/Frameworks";
				PRODUCT_BUNDLE_IDENTIFIER = com.adilarif.DiceTests;
				PRODUCT_NAME = "$(TARGET_NAME)";
				SWIFT_VERSION = 4.0;
				TARGETED_DEVICE_FAMILY = "1,2";
				TEST_HOST = "$(BUILT_PRODUCTS_DIR)/Dice.app/Dice";
			};
			name = Debug;
		};
		CD9CF86D20E7210600D391FC /* Release */ = {
			isa = XCBuildConfiguration;
			buildSettings = {
				ALWAYS_EMBED_SWIFT_STANDARD_LIBRARIES = YES;
				BUNDLE_LOADER = "$(TEST_HOST)";
				CODE_SIGN_STYLE = Automatic;
				DEVELOPMENT_TEAM = SKL6A59BCT;
				INFOPLIST_FILE = DiceTests/Info.plist;
				LD_RUNPATH_SEARCH_PATHS = "$(inherited) @executable_path/Frameworks @loader_path/Frameworks";
				PRODUCT_BUNDLE_IDENTIFIER = com.adilarif.DiceTests;
				PRODUCT_NAME = "$(TARGET_NAME)";
				SWIFT_VERSION = 4.0;
				TARGETED_DEVICE_FAMILY = "1,2";
				TEST_HOST = "$(BUILT_PRODUCTS_DIR)/Dice.app/Dice";
			};
			name = Release;
		};
		CD9CF86F20E7210600D391FC /* Debug */ = {
			isa = XCBuildConfiguration;
			buildSettings = {
				ALWAYS_EMBED_SWIFT_STANDARD_LIBRARIES = YES;
				CODE_SIGN_STYLE = Automatic;
				DEVELOPMENT_TEAM = SKL6A59BCT;
				INFOPLIST_FILE = DiceUITests/Info.plist;
				LD_RUNPATH_SEARCH_PATHS = "$(inherited) @executable_path/Frameworks @loader_path/Frameworks";
				PRODUCT_BUNDLE_IDENTIFIER = com.adilarif.DiceUITests;
				PRODUCT_NAME = "$(TARGET_NAME)";
				SWIFT_VERSION = 4.0;
				TARGETED_DEVICE_FAMILY = "1,2";
				TEST_TARGET_NAME = Dice;
			};
			name = Debug;
		};
		CD9CF87020E7210600D391FC /* Release */ = {
			isa = XCBuildConfiguration;
			buildSettings = {
				ALWAYS_EMBED_SWIFT_STANDARD_LIBRARIES = YES;
				CODE_SIGN_STYLE = Automatic;
				DEVELOPMENT_TEAM = SKL6A59BCT;
				INFOPLIST_FILE = DiceUITests/Info.plist;
				LD_RUNPATH_SEARCH_PATHS = "$(inherited) @executable_path/Frameworks @loader_path/Frameworks";
				PRODUCT_BUNDLE_IDENTIFIER = com.adilarif.DiceUITests;
				PRODUCT_NAME = "$(TARGET_NAME)";
				SWIFT_VERSION = 4.0;
				TARGETED_DEVICE_FAMILY = "1,2";
				TEST_TARGET_NAME = Dice;
			};
			name = Release;
		};
/* End XCBuildConfiguration section */

/* Begin XCConfigurationList section */
		CD9CF83B20E7210500D391FC /* Build configuration list for PBXProject "Dice" */ = {
			isa = XCConfigurationList;
			buildConfigurations = (
				CD9CF86620E7210600D391FC /* Debug */,
				CD9CF86720E7210600D391FC /* Release */,
			);
			defaultConfigurationIsVisible = 0;
			defaultConfigurationName = Release;
		};
		CD9CF86820E7210600D391FC /* Build configuration list for PBXNativeTarget "Dice" */ = {
			isa = XCConfigurationList;
			buildConfigurations = (
				CD9CF86920E7210600D391FC /* Debug */,
				CD9CF86A20E7210600D391FC /* Release */,
			);
			defaultConfigurationIsVisible = 0;
			defaultConfigurationName = Release;
		};
		CD9CF86B20E7210600D391FC /* Build configuration list for PBXNativeTarget "DiceTests" */ = {
			isa = XCConfigurationList;
			buildConfigurations = (
				CD9CF86C20E7210600D391FC /* Debug */,
				CD9CF86D20E7210600D391FC /* Release */,
			);
			defaultConfigurationIsVisible = 0;
			defaultConfigurationName = Release;
		};
		CD9CF86E20E7210600D391FC /* Build configuration list for PBXNativeTarget "DiceUITests" */ = {
			isa = XCConfigurationList;
			buildConfigurations = (
				CD9CF86F20E7210600D391FC /* Debug */,
				CD9CF87020E7210600D391FC /* Release */,
			);
			defaultConfigurationIsVisible = 0;
			defaultConfigurationName = Release;
		};
/* End XCConfigurationList section */
	};
	rootObject = CD9CF83820E7210500D391FC /* Project object */;
}
